
Microsoft Visual Studio Solution File, Format Version 12.00
# Visual Studio Version 17
VisualStudioVersion = 17.4.33103.184
MinimumVisualStudioVersion = 10.0.40219.1
Project("{FAE04EC0-301F-11D3-BF4B-00C04F79EFBC}") = "FileSortRenamer2", "FileSortRenamer2\FileSortRenamer2.csproj", "{66E41D15-D02A-4732-9D00-A3F1DDE1D643}"
EndProject
Global
	GlobalSection(SolutionConfigurationPlatforms) = preSolution
		Debug|Any CPU = Debug|Any CPU
		Release|Any CPU = Release|Any CPU
	EndGlobalSection
	GlobalSection(ProjectConfigurationPlatforms) = postSolution
		{66E41D15-D02A-4732-9D00-A3F1DDE1D643}.Debug|Any CPU.ActiveCfg = Debug|Any CPU
		{66E41D15-D02A-4732-9D00-A3F1DDE1D643}.Debug|Any CPU.Build.0 = Debug|Any CPU
		{66E41D15-D02A-4732-9D00-A3F1DDE1D643}.Release|Any CPU.ActiveCfg = Release|Any CPU
		{66E41D15-D02A-4732-9D00-A3F1DDE1D643}.Release|Any CPU.Build.0 = Release|Any CPU
	EndGlobalSection
	GlobalSection(SolutionProperties) = preSolution
		HideSolutionNode = FALSE
	EndGlobalSection
	GlobalSection(ExtensibilityGlobals) = postSolution
		SolutionGuid = {1BF38525-4A7C-4FAA-B9AF-1F2DBA22EACD}
	EndGlobalSection
EndGlobal
